
Microsoft Visual Studio Solution File, Format Version 12.00
# Visual Studio Version 16
VisualStudioVersion = 16.0.31112.23
MinimumVisualStudioVersion = 10.0.40219.1
Project("{FAE04EC0-301F-11D3-BF4B-00C04F79EFBC}") = "Main", "Main\Main.csproj", "{796D48A7-BCE7-45D3-8622-628A55B662DA}"
EndProject
Global
	GlobalSection(SolutionConfigurationPlatforms) = preSolution
		Debug|Any CPU = Debug|Any CPU
		Release|Any CPU = Release|Any CPU
	EndGlobalSection
	GlobalSection(ProjectConfigurationPlatforms) = postSolution
		{796D48A7-BCE7-45D3-8622-628A55B662DA}.Debug|Any CPU.ActiveCfg = Debug|Any CPU
		{796D48A7-BCE7-45D3-8622-628A55B662DA}.Debug|Any CPU.Build.0 = Debug|Any CPU
		{796D48A7-BCE7-45D3-8622-628A55B662DA}.Release|Any CPU.ActiveCfg = Release|Any CPU
		{796D48A7-BCE7-45D3-8622-628A55B662DA}.Release|Any CPU.Build.0 = Release|Any CPU
	EndGlobalSection
	GlobalSection(SolutionProperties) = preSolution
		HideSolutionNode = FALSE
	EndGlobalSection
	GlobalSection(ExtensibilityGlobals) = postSolution
		SolutionGuid = {7F960E5B-D2A7-44E1-9506-6681A35959E7}
	EndGlobalSection
EndGlobal
